PODS:
  - TweeningUIPageViewController (1.0.0)

DEPENDENCIES:
  - TweeningUIPageViewController (from `../`)

EXTERNAL SOURCES:
  TweeningUIPageViewController:
    :path: ../

SPEC CHECKSUMS:
  TweeningUIPageViewController: 610e2e1fe15f850b507dbc928e4545977827947b

PODFILE CHECKSUM: cbb589d470cd0c1d086a5bb5f153d6c4baba6a2c

COCOAPODS: 1.0.0
